
Microsoft Visual Studio Solution File, Format Version 12.00
# Visual Studio Version 16
VisualStudioVersion = 16.0.30225.117
MinimumVisualStudioVersion = 10.0.40219.1
Project("{FAE04EC0-301F-11D3-BF4B-00C04F79EFBC}") = "WebApplication3", "WebApplication3\WebApplication3.csproj", "{8A04EF75-2273-484B-88AB-1BC880551B68}"
EndProject
Global
	GlobalSection(SolutionConfigurationPlatforms) = preSolution
		Debug|Any CPU = Debug|Any CPU
		Release|Any CPU = Release|Any CPU
	EndGlobalSection
	GlobalSection(ProjectConfigurationPlatforms) = postSolution
		{8A04EF75-2273-484B-88AB-1BC880551B68}.Debug|Any CPU.ActiveCfg = Debug|Any CPU
		{8A04EF75-2273-484B-88AB-1BC880551B68}.Debug|Any CPU.Build.0 = Debug|Any CPU
		{8A04EF75-2273-484B-88AB-1BC880551B68}.Release|Any CPU.ActiveCfg = Release|Any CPU
		{8A04EF75-2273-484B-88AB-1BC880551B68}.Release|Any CPU.Build.0 = Release|Any CPU
	EndGlobalSection
	GlobalSection(SolutionProperties) = preSolution
		HideSolutionNode = FALSE
	EndGlobalSection
	GlobalSection(ExtensibilityGlobals) = postSolution
		SolutionGuid = {E263EF9C-899F-4870-9CA6-52CDDBBDE766}
	EndGlobalSection
EndGlobal
